// !$*UTF8*$!
{
	archiveVersion = 1;
	classes = {
	};
	objectVersion = 56;
	objects = {

/* Begin PBXBuildFile section */
		5F3D82032A24D7D900FB36EB /* MovieListView.swift in Sources */ = {isa = PBXBuildFile; fileRef = 5F3D82022A24D7D900FB36EB /* MovieListView.swift */; };
		5F3D82052A24D81D00FB36EB /* MovieDetailsView.swift in Sources */ = {isa = PBXBuildFile; fileRef = 5F3D82042A24D81D00FB36EB /* MovieDetailsView.swift */; };
		5F585EA62A30BA760049FD0A /* ConfirmationView.swift in Sources */ = {isa = PBXBuildFile; fileRef = 5F585EA52A30BA760049FD0A /* ConfirmationView.swift */; };
		5F585EA82A30C6440049FD0A /* TicketsView.swift in Sources */ = {isa = PBXBuildFile; fileRef = 5F585EA72A30C6440049FD0A /* TicketsView.swift */; };
		5F8C456C2A4B2029004C12C0 /* Movie.swift in Sources */ = {isa = PBXBuildFile; fileRef = 5F8C456B2A4B2029004C12C0 /* Movie.swift */; };
		5F8C456F2A4B20DC004C12C0 /* MovieListViewModel.swift in Sources */ = {isa = PBXBuildFile; fileRef = 5F8C456E2A4B20DC004C12C0 /* MovieListViewModel.swift */; };
		5FA738C62A4C6D6500E22244 /* SplashScreenView.swift in Sources */ = {isa = PBXBuildFile; fileRef = 5FA738C52A4C6D6500E22244 /* SplashScreenView.swift */; };
		5FF13A422A39F19000E6794D /* ConfirmDeleteView.swift in Sources */ = {isa = PBXBuildFile; fileRef = 5FF13A412A39F19000E6794D /* ConfirmDeleteView.swift */; };
		5FF5642B2A20FA3600BEE8EC /* SingleViewTesteApp.swift in Sources */ = {isa = PBXBuildFile; fileRef = 5FF5642A2A20FA3600BEE8EC /* SingleViewTesteApp.swift */; };
		5FF5642F2A20FA3600BEE8EC /* Assets.xcassets in Resources */ = {isa = PBXBuildFile; fileRef = 5FF5642E2A20FA3600BEE8EC /* Assets.xcassets */; };
		5FF564322A20FA3600BEE8EC /* Preview Assets.xcassets in Resources */ = {isa = PBXBuildFile; fileRef = 5FF564312A20FA3600BEE8EC /* Preview Assets.xcassets */; };
		5FF5643A2A2229CB00BEE8EC /* ContentView.swift in Sources */ = {isa = PBXBuildFile; fileRef = 5FF5642C2A20FA3600BEE8EC /* ContentView.swift */; };
/* End PBXBuildFile section */

/* Begin PBXFileReference section */
		5F3D82022A24D7D900FB36EB /* MovieListView.swift */ = {isa = PBXFileReference; lastKnownFileType = sourcecode.swift; path = MovieListView.swift; sourceTree = "<group>"; };
		5F3D82042A24D81D00FB36EB /* MovieDetailsView.swift */ = {isa = PBXFileReference; lastKnownFileType = sourcecode.swift; path = MovieDetailsView.swift; sourceTree = "<group>"; };
		5F585EA52A30BA760049FD0A /* ConfirmationView.swift */ = {isa = PBXFileReference; lastKnownFileType = sourcecode.swift; path = ConfirmationView.swift; sourceTree = "<group>"; };
		5F585EA72A30C6440049FD0A /* TicketsView.swift */ = {isa = PBXFileReference; lastKnownFileType = sourcecode.swift; path = TicketsView.swift; sourceTree = "<group>"; };
		5F8C456B2A4B2029004C12C0 /* Movie.swift */ = {isa = PBXFileReference; lastKnownFileType = sourcecode.swift; path = Movie.swift; sourceTree = "<group>"; };
		5F8C456E2A4B20DC004C12C0 /* MovieListViewModel.swift */ = {isa = PBXFileReference; lastKnownFileType = sourcecode.swift; path = MovieListViewModel.swift; sourceTree = "<group>"; };
		5FA738C52A4C6D6500E22244 /* SplashScreenView.swift */ = {isa = PBXFileReference; lastKnownFileType = sourcecode.swift; path = SplashScreenView.swift; sourceTree = "<group>"; };
		5FF13A412A39F19000E6794D /* ConfirmDeleteView.swift */ = {isa = PBXFileReference; lastKnownFileType = sourcecode.swift; path = ConfirmDeleteView.swift; sourceTree = "<group>"; };
		5FF564272A20FA3600BEE8EC /* SingleViewTeste.app */ = {isa = PBXFileReference; explicitFileType = wrapper.application; includeInIndex = 0; path = SingleViewTeste.app; sourceTree = BUILT_PRODUCTS_DIR; };
		5FF5642A2A20FA3600BEE8EC /* SingleViewTesteApp.swift */ = {isa = PBXFileReference; lastKnownFileType = sourcecode.swift; path = SingleViewTesteApp.swift; sourceTree = "<group>"; };
		5FF5642C2A20FA3600BEE8EC /* ContentView.swift */ = {isa = PBXFileReference; lastKnownFileType = sourcecode.swift; path = ContentView.swift; sourceTree = "<group>"; };
		5FF5642E2A20FA3600BEE8EC /* Assets.xcassets */ = {isa = PBXFileReference; lastKnownFileType = folder.assetcatalog; path = Assets.xcassets; sourceTree = "<group>"; };
		5FF564312A20FA3600BEE8EC /* Preview Assets.xcassets */ = {isa = PBXFileReference; lastKnownFileType = folder.assetcatalog; path = "Preview Assets.xcassets"; sourceTree = "<group>"; };
/* End PBXFileReference section */

/* Begin PBXFrameworksBuildPhase section */
		5FF564242A20FA3600BEE8EC /* Frameworks */ = {
			isa = PBXFrameworksBuildPhase;
			buildActionMask = 2147483647;
			files = (
			);
			runOnlyForDeploymentPostprocessing = 0;
		};
/* End PBXFrameworksBuildPhase section */

/* Begin PBXGroup section */
		5F3D820A2A24D9A000FB36EB /* Views */ = {
			isa = PBXGroup;
			children = (
				5FF13A402A39F15800E6794D /* Confirmations Pop Ups */,
				5F3D82022A24D7D900FB36EB /* MovieListView.swift */,
				5F3D82042A24D81D00FB36EB /* MovieDetailsView.swift */,
				5F585EA72A30C6440049FD0A /* TicketsView.swift */,
				5FA738C52A4C6D6500E22244 /* SplashScreenView.swift */,
			);
			path = Views;
			sourceTree = "<group>";
		};
		5F8C456A2A4B2011004C12C0 /* Model */ = {
			isa = PBXGroup;
			children = (
				5F8C456B2A4B2029004C12C0 /* Movie.swift */,
			);
			path = Model;
			sourceTree = "<group>";
		};
		5F8C456D2A4B208D004C12C0 /* ViewModel */ = {
			isa = PBXGroup;
			children = (
				5F8C456E2A4B20DC004C12C0 /* MovieListViewModel.swift */,
			);
			path = ViewModel;
			sourceTree = "<group>";
		};
		5FF13A402A39F15800E6794D /* Confirmations Pop Ups */ = {
			isa = PBXGroup;
			children = (
				5F585EA52A30BA760049FD0A /* ConfirmationView.swift */,
				5FF13A412A39F19000E6794D /* ConfirmDeleteView.swift */,
			);
			path = "Confirmations Pop Ups";
			sourceTree = "<group>";
		};
		5FF5641E2A20FA3600BEE8EC = {
			isa = PBXGroup;
			children = (
				5FF564292A20FA3600BEE8EC /* SingleViewTeste */,
				5FF564282A20FA3600BEE8EC /* Products */,
			);
			sourceTree = "<group>";
		};
		5FF564282A20FA3600BEE8EC /* Products */ = {
			isa = PBXGroup;
			children = (
				5FF564272A20FA3600BEE8EC /* SingleViewTeste.app */,
			);
			name = Products;
			sourceTree = "<group>";
		};
		5FF564292A20FA3600BEE8EC /* SingleViewTeste */ = {
			isa = PBXGroup;
			children = (
				5F8C456D2A4B208D004C12C0 /* ViewModel */,
				5F8C456A2A4B2011004C12C0 /* Model */,
				5F3D820A2A24D9A000FB36EB /* Views */,
				5FF5642A2A20FA3600BEE8EC /* SingleViewTesteApp.swift */,
				5FF5642C2A20FA3600BEE8EC /* ContentView.swift */,
				5FF5642E2A20FA3600BEE8EC /* Assets.xcassets */,
				5FF564302A20FA3600BEE8EC /* Preview Content */,
			);
			path = SingleViewTeste;
			sourceTree = "<group>";
		};
		5FF564302A20FA3600BEE8EC /* Preview Content */ = {
			isa = PBXGroup;
			children = (
				5FF564312A20FA3600BEE8EC /* Preview Assets.xcassets */,
			);
			path = "Preview Content";
			sourceTree = "<group>";
		};
/* End PBXGroup section */

/* Begin PBXNativeTarget section */
		5FF564262A20FA3600BEE8EC /* SingleViewTeste */ = {
			isa = PBXNativeTarget;
			buildConfigurationList = 5FF564352A20FA3600BEE8EC /* Build configuration list for PBXNativeTarget "SingleViewTeste" */;
			buildPhases = (
				5FF564232A20FA3600BEE8EC /* Sources */,
				5FF564242A20FA3600BEE8EC /* Frameworks */,
				5FF564252A20FA3600BEE8EC /* Resources */,
			);
			buildRules = (
			);
			dependencies = (
			);
			name = SingleViewTeste;
			productName = SingleViewTeste;
			productReference = 5FF564272A20FA3600BEE8EC /* SingleViewTeste.app */;
			productType = "com.apple.product-type.application";
		};
/* End PBXNativeTarget section */

/* Begin PBXProject section */
		5FF5641F2A20FA3600BEE8EC /* Project object */ = {
			isa = PBXProject;
			attributes = {
				BuildIndependentTargetsInParallel = 1;
				LastSwiftUpdateCheck = 1430;
				LastUpgradeCheck = 1430;
				TargetAttributes = {
					5FF564262A20FA3600BEE8EC = {
						CreatedOnToolsVersion = 14.3;
					};
				};
			};
			buildConfigurationList = 5FF564222A20FA3600BEE8EC /* Build configuration list for PBXProject "SingleViewTeste" */;
			compatibilityVersion = "Xcode 14.0";
			developmentRegion = en;
			hasScannedForEncodings = 0;
			knownRegions = (
				en,
				Base,
			);
			mainGroup = 5FF5641E2A20FA3600BEE8EC;
			productRefGroup = 5FF564282A20FA3600BEE8EC /* Products */;
			projectDirPath = "";
			projectRoot = "";
			targets = (
				5FF564262A20FA3600BEE8EC /* SingleViewTeste */,
			);
		};
/* End PBXProject section */

/* Begin PBXResourcesBuildPhase section */
		5FF564252A20FA3600BEE8EC /* Resources */ = {
			isa = PBXResourcesBuildPhase;
			buildActionMask = 2147483647;
			files = (
				5FF564322A20FA3600BEE8EC /* Preview Assets.xcassets in Resources */,
				5FF5642F2A20FA3600BEE8EC /* Assets.xcassets in Resources */,
			);
			runOnlyForDeploymentPostprocessing = 0;
		};
/* End PBXResourcesBuildPhase section */

/* Begin PBXSourcesBuildPhase section */
		5FF564232A20FA3600BEE8EC /* Sources */ = {
			isa = PBXSourcesBuildPhase;
			buildActionMask = 2147483647;
			files = (
				5F3D82052A24D81D00FB36EB /* MovieDetailsView.swift in Sources */,
				5F3D82032A24D7D900FB36EB /* MovieListView.swift in Sources */,
				5F8C456C2A4B2029004C12C0 /* Movie.swift in Sources */,
				5F585EA62A30BA760049FD0A /* ConfirmationView.swift in Sources */,
				5FF13A422A39F19000E6794D /* ConfirmDeleteView.swift in Sources */,
				5F8C456F2A4B20DC004C12C0 /* MovieListViewModel.swift in Sources */,
				5FF5642B2A20FA3600BEE8EC /* SingleViewTesteApp.swift in Sources */,
				5FA738C62A4C6D6500E22244 /* SplashScreenView.swift in Sources */,
				5F585EA82A30C6440049FD0A /* TicketsView.swift in Sources */,
				5FF5643A2A2229CB00BEE8EC /* ContentView.swift in Sources */,
			);
			runOnlyForDeploymentPostprocessing = 0;
		};
/* End PBXSourcesBuildPhase section */

/* Begin XCBuildConfiguration section */
		5FF564332A20FA3600BEE8EC /* Debug */ = {
			isa = XCBuildConfiguration;
			buildSettings = {
				ALWAYS_SEARCH_USER_PATHS = NO;
				CLANG_ANALYZER_NONNULL = YES;
				CLANG_ANALYZER_NUMBER_OBJECT_CONVERSION = YES_AGGRESSIVE;
				CLANG_CXX_LANGUAGE_STANDARD = "gnu++20";
				CLANG_ENABLE_MODULES = YES;
				CLANG_ENABLE_OBJC_ARC = YES;
				CLANG_ENABLE_OBJC_WEAK = YES;
				CLANG_WARN_BLOCK_CAPTURE_AUTORELEASING = YES;
				CLANG_WARN_BOOL_CONVERSION = YES;
				CLANG_WARN_COMMA = YES;
				CLANG_WARN_CONSTANT_CONVERSION = YES;
				CLANG_WARN_DEPRECATED_OBJC_IMPLEMENTATIONS = YES;
				CLANG_WARN_DIRECT_OBJC_ISA_USAGE = YES_ERROR;
				CLANG_WARN_DOCUMENTATION_COMMENTS = YES;
				CLANG_WARN_EMPTY_BODY = YES;
				CLANG_WARN_ENUM_CONVERSION = YES;
				CLANG_WARN_INFINITE_RECURSION = YES;
				CLANG_WARN_INT_CONVERSION = YES;
				CLANG_WARN_NON_LITERAL_NULL_CONVERSION = YES;
				CLANG_WARN_OBJC_IMPLICIT_RETAIN_SELF = YES;
				CLANG_WARN_OBJC_LITERAL_CONVERSION = YES;
				CLANG_WARN_OBJC_ROOT_CLASS = YES_ERROR;
				CLANG_WARN_QUOTED_INCLUDE_IN_FRAMEWORK_HEADER = YES;
				CLANG_WARN_RANGE_LOOP_ANALYSIS = YES;
				CLANG_WARN_STRICT_PROTOTYPES = YES;
				CLANG_WARN_SUSPICIOUS_MOVE = YES;
				CLANG_WARN_UNGUARDED_AVAILABILITY = YES_AGGRESSIVE;
				CLANG_WARN_UNREACHABLE_CODE = YES;
				CLANG_WARN__DUPLICATE_METHOD_MATCH = YES;
				COPY_PHASE_STRIP = NO;
				DEBUG_INFORMATION_FORMAT = dwarf;
				ENABLE_STRICT_OBJC_MSGSEND = YES;
				ENABLE_TESTABILITY = YES;
				GCC_C_LANGUAGE_STANDARD = gnu11;
				GCC_DYNAMIC_NO_PIC = NO;
				GCC_NO_COMMON_BLOCKS = YES;
				GCC_OPTIMIZATION_LEVEL = 0;
				GCC_PREPROCESSOR_DEFINITIONS = (
					"DEBUG=1",
					"$(inherited)",
				);
				GCC_WARN_64_TO_32_BIT_CONVERSION = YES;
				GCC_WARN_ABOUT_RETURN_TYPE = YES_ERROR;
				GCC_WARN_UNDECLARED_SELECTOR = YES;
				GCC_WARN_UNINITIALIZED_AUTOS = YES_AGGRESSIVE;
				GCC_WARN_UNUSED_FUNCTION = YES;
				GCC_WARN_UNUSED_VARIABLE = YES;
				IPHONEOS_DEPLOYMENT_TARGET = 16.4;
				MTL_ENABLE_DEBUG_INFO = INCLUDE_SOURCE;
				MTL_FAST_MATH = YES;
				ONLY_ACTIVE_ARCH = YES;
				SDKROOT = iphoneos;
				SWIFT_ACTIVE_COMPILATION_CONDITIONS = DEBUG;
				SWIFT_OPTIMIZATION_LEVEL = "-Onone";
			};
			name = Debug;
		};
		5FF564342A20FA3600BEE8EC /* Release */ = {
			isa = XCBuildConfiguration;
			buildSettings = {
				ALWAYS_SEARCH_USER_PATHS = NO;
				CLANG_ANALYZER_NONNULL = YES;
				CLANG_ANALYZER_NUMBER_OBJECT_CONVERSION = YES_AGGRESSIVE;
				CLANG_CXX_LANGUAGE_STANDARD = "gnu++20";
				CLANG_ENABLE_MODULES = YES;
				CLANG_ENABLE_OBJC_ARC = YES;
				CLANG_ENABLE_OBJC_WEAK = YES;
				CLANG_WARN_BLOCK_CAPTURE_AUTORELEASING = YES;
				CLANG_WARN_BOOL_CONVERSION = YES;
				CLANG_WARN_COMMA = YES;
				CLANG_WARN_CONSTANT_CONVERSION = YES;
				CLANG_WARN_DEPRECATED_OBJC_IMPLEMENTATIONS = YES;
				CLANG_WARN_DIRECT_OBJC_ISA_USAGE = YES_ERROR;
				CLANG_WARN_DOCUMENTATION_COMMENTS = YES;
				CLANG_WARN_EMPTY_BODY = YES;
				CLANG_WARN_ENUM_CONVERSION = YES;
				CLANG_WARN_INFINITE_RECURSION = YES;
				CLANG_WARN_INT_CONVERSION = YES;
				CLANG_WARN_NON_LITERAL_NULL_CONVERSION = YES;
				CLANG_WARN_OBJC_IMPLICIT_RETAIN_SELF = YES;
				CLANG_WARN_OBJC_LITERAL_CONVERSION = YES;
				CLANG_WARN_OBJC_ROOT_CLASS = YES_ERROR;
				CLANG_WARN_QUOTED_INCLUDE_IN_FRAMEWORK_HEADER = YES;
				CLANG_WARN_RANGE_LOOP_ANALYSIS = YES;
				CLANG_WARN_STRICT_PROTOTYPES = YES;
				CLANG_WARN_SUSPICIOUS_MOVE = YES;
				CLANG_WARN_UNGUARDED_AVAILABILITY = YES_AGGRESSIVE;
				CLANG_WARN_UNREACHABLE_CODE = YES;
				CLANG_WARN__DUPLICATE_METHOD_MATCH = YES;
				COPY_PHASE_STRIP = NO;
				DEBUG_INFORMATION_FORMAT = "dwarf-with-dsym";
				ENABLE_NS_ASSERTIONS = NO;
				ENABLE_STRICT_OBJC_MSGSEND = YES;
				GCC_C_LANGUAGE_STANDARD = gnu11;
				GCC_NO_COMMON_BLOCKS = YES;
				GCC_WARN_64_TO_32_BIT_CONVERSION = YES;
				GCC_WARN_ABOUT_RETURN_TYPE = YES_ERROR;
				GCC_WARN_UNDECLARED_SELECTOR = YES;
				GCC_WARN_UNINITIALIZED_AUTOS = YES_AGGRESSIVE;
				GCC_WARN_UNUSED_FUNCTION = YES;
				GCC_WARN_UNUSED_VARIABLE = YES;
				IPHONEOS_DEPLOYMENT_TARGET = 16.4;
				MTL_ENABLE_DEBUG_INFO = NO;
				MTL_FAST_MATH = YES;
				SDKROOT = iphoneos;
				SWIFT_COMPILATION_MODE = wholemodule;
				SWIFT_OPTIMIZATION_LEVEL = "-O";
				VALIDATE_PRODUCT = YES;
			};
			name = Release;
		};
		5FF564362A20FA3600BEE8EC /* Debug */ = {
			isa = XCBuildConfiguration;
			buildSettings = {
				ASSETCATALOG_COMPILER_APPICON_NAME = AppIcon;
				ASSETCATALOG_COMPILER_GLOBAL_ACCENT_COLOR_NAME = AccentColor;
				CODE_SIGN_STYLE = Automatic;
				CURRENT_PROJECT_VERSION = 1;
				DEVELOPMENT_ASSET_PATHS = "\"SingleViewTeste/Preview Content\"";
				ENABLE_PREVIEWS = YES;
				GENERATE_INFOPLIST_FILE = YES;
				INFOPLIST_KEY_UIApplicationSceneManifest_Generation = YES;
				INFOPLIST_KEY_UIApplicationSupportsIndirectInputEvents = YES;
				INFOPLIST_KEY_UILaunchScreen_Generation = YES;
				INFOPLIST_KEY_UISupportedInterfaceOrientations_iPad = "UIInterfaceOrientationPortrait UIInterfaceOrientationPortraitUpsideDown UIInterfaceOrientationLandscapeLeft UIInterfaceOrientationLandscapeRight";
				INFOPLIST_KEY_UISupportedInterfaceOrientations_iPhone = "UIInterfaceOrientationPortrait UIInterfaceOrientationLandscapeLeft UIInterfaceOrientationLandscapeRight";
				LD_RUNPATH_SEARCH_PATHS = (
					"$(inherited)",
					"@executable_path/Frameworks",
				);
				MARKETING_VERSION = 1.0;
				PRODUCT_BUNDLE_IDENTIFIER = cinestream.SingleViewTeste;
				PRODUCT_NAME = "$(TARGET_NAME)";
				SWIFT_EMIT_LOC_STRINGS = YES;
				SWIFT_VERSION = 5.0;
				TARGETED_DEVICE_FAMILY = "1,2";
			};
			name = Debug;
		};
		5FF564372A20FA3600BEE8EC /* Release */ = {
			isa = XCBuildConfiguration;
			buildSettings = {
				ASSETCATALOG_COMPILER_APPICON_NAME = AppIcon;
				ASSETCATALOG_COMPILER_GLOBAL_ACCENT_COLOR_NAME = AccentColor;
				CODE_SIGN_STYLE = Automatic;
				CURRENT_PROJECT_VERSION = 1;
				DEVELOPMENT_ASSET_PATHS = "\"SingleViewTeste/Preview Content\"";
				ENABLE_PREVIEWS = YES;
				GENERATE_INFOPLIST_FILE = YES;
				INFOPLIST_KEY_UIApplicationSceneManifest_Generation = YES;
				INFOPLIST_KEY_UIApplicationSupportsIndirectInputEvents = YES;
				INFOPLIST_KEY_UILaunchScreen_Generation = YES;
				INFOPLIST_KEY_UISupportedInterfaceOrientations_iPad = "UIInterfaceOrientationPortrait UIInterfaceOrientationPortraitUpsideDown UIInterfaceOrientationLandscapeLeft UIInterfaceOrientationLandscapeRight";
				INFOPLIST_KEY_UISupportedInterfaceOrientations_iPhone = "UIInterfaceOrientationPortrait UIInterfaceOrientationLandscapeLeft UIInterfaceOrientationLandscapeRight";
				LD_RUNPATH_SEARCH_PATHS = (
					"$(inherited)",
					"@executable_path/Frameworks",
				);
				MARKETING_VERSION = 1.0;
				PRODUCT_BUNDLE_IDENTIFIER = cinestream.SingleViewTeste;
				PRODUCT_NAME = "$(TARGET_NAME)";
				SWIFT_EMIT_LOC_STRINGS = YES;
				SWIFT_VERSION = 5.0;
				TARGETED_DEVICE_FAMILY = "1,2";
			};
			name = Release;
		};
/* End XCBuildConfiguration section */

/* Begin XCConfigurationList section */
		5FF564222A20FA3600BEE8EC /* Build configuration list for PBXProject "SingleViewTeste" */ = {
			isa = XCConfigurationList;
			buildConfigurations = (
				5FF564332A20FA3600BEE8EC /* Debug */,
				5FF564342A20FA3600BEE8EC /* Release */,
			);
			defaultConfigurationIsVisible = 0;
			defaultConfigurationName = Release;
		};
		5FF564352A20FA3600BEE8EC /* Build configuration list for PBXNativeTarget "SingleViewTeste" */ = {
			isa = XCConfigurationList;
			buildConfigurations = (
				5FF564362A20FA3600BEE8EC /* Debug */,
				5FF564372A20FA3600BEE8EC /* Release */,
			);
			defaultConfigurationIsVisible = 0;
			defaultConfigurationName = Release;
		};
/* End XCConfigurationList section */
	};
	rootObject = 5FF5641F2A20FA3600BEE8EC /* Project object */;
}
